
Microsoft Visual Studio Solution File, Format Version 11.00
# Visual Studio 2010
Project("{FAE04EC0-301F-11D3-BF4B-00C04F79EFBC}") = "WebServices", "WebServices\WebServices.csproj", "{5394250C-6487-4DB2-B591-8CFC4CC099D6}"
EndProject
Project("{FAE04EC0-301F-11D3-BF4B-00C04F79EFBC}") = "WebServices2", "WebServices2\WebServices2.csproj", "{DEDBFC0C-D84D-4266-B943-89CDF380369D}"
EndProject
Global
	GlobalSection(SolutionConfigurationPlatforms) = preSolution
		Debug|Any CPU = Debug|Any CPU
		Release|Any CPU = Release|Any CPU
	EndGlobalSection
	GlobalSection(ProjectConfigurationPlatforms) = postSolution
		{5394250C-6487-4DB2-B591-8CFC4CC099D6}.Debug|Any CPU.ActiveCfg = Debug|Any CPU
		{5394250C-6487-4DB2-B591-8CFC4CC099D6}.Debug|Any CPU.Build.0 = Debug|Any CPU
		{5394250C-6487-4DB2-B591-8CFC4CC099D6}.Release|Any CPU.ActiveCfg = Release|Any CPU
		{5394250C-6487-4DB2-B591-8CFC4CC099D6}.Release|Any CPU.Build.0 = Release|Any CPU
		{DEDBFC0C-D84D-4266-B943-89CDF380369D}.Debug|Any CPU.ActiveCfg = Debug|Any CPU
		{DEDBFC0C-D84D-4266-B943-89CDF380369D}.Debug|Any CPU.Build.0 = Debug|Any CPU
		{DEDBFC0C-D84D-4266-B943-89CDF380369D}.Release|Any CPU.ActiveCfg = Release|Any CPU
		{DEDBFC0C-D84D-4266-B943-89CDF380369D}.Release|Any CPU.Build.0 = Release|Any CPU
	EndGlobalSection
	GlobalSection(SolutionProperties) = preSolution
		HideSolutionNode = FALSE
	EndGlobalSection
EndGlobal
